
Microsoft Visual Studio Solution File, Format Version 12.00
# Visual Studio Version 16
VisualStudioVersion = 16.0.29509.3
MinimumVisualStudioVersion = 10.0.40219.1
Project("{FAE04EC0-301F-11D3-BF4B-00C04F79EFBC}") = "BarManagerProgram", "BarManagerProgram\BarManagerProgram.csproj", "{77C29FD8-B4AD-47BB-92AA-9659FA8C22B0}"
EndProject
Global
	GlobalSection(SolutionConfigurationPlatforms) = preSolution
		Debug|Any CPU = Debug|Any CPU
		Release|Any CPU = Release|Any CPU
	EndGlobalSection
	GlobalSection(ProjectConfigurationPlatforms) = postSolution
		{77C29FD8-B4AD-47BB-92AA-9659FA8C22B0}.Debug|Any CPU.ActiveCfg = Debug|Any CPU
		{77C29FD8-B4AD-47BB-92AA-9659FA8C22B0}.Debug|Any CPU.Build.0 = Debug|Any CPU
		{77C29FD8-B4AD-47BB-92AA-9659FA8C22B0}.Release|Any CPU.ActiveCfg = Release|Any CPU
		{77C29FD8-B4AD-47BB-92AA-9659FA8C22B0}.Release|Any CPU.Build.0 = Release|Any CPU
	EndGlobalSection
	GlobalSection(SolutionProperties) = preSolution
		HideSolutionNode = FALSE
	EndGlobalSection
	GlobalSection(ExtensibilityGlobals) = postSolution
		SolutionGuid = {9C3B4963-3B21-4DBC-9174-ABBFA384DDDC}
	EndGlobalSection
EndGlobal
